// !$*UTF8*$!
{
	archiveVersion = 1;
	classes = {
	};
	objectVersion = 55;
	objects = {

/* Begin PBXBuildFile section */
		452791C327567AC100010654 /* AppDelegate.swift in Sources */ = {isa = PBXBuildFile; fileRef = 452791C227567AC100010654 /* AppDelegate.swift */; };
		452791C527567AC100010654 /* SceneDelegate.swift in Sources */ = {isa = PBXBuildFile; fileRef = 452791C427567AC100010654 /* SceneDelegate.swift */; };
		452791CA27567AC100010654 /* Main.storyboard in Resources */ = {isa = PBXBuildFile; fileRef = 452791C827567AC100010654 /* Main.storyboard */; };
		452791CC27567AC200010654 /* Assets.xcassets in Resources */ = {isa = PBXBuildFile; fileRef = 452791CB27567AC200010654 /* Assets.xcassets */; };
		452791CF27567AC200010654 /* LaunchScreen.storyboard in Resources */ = {isa = PBXBuildFile; fileRef = 452791CD27567AC200010654 /* LaunchScreen.storyboard */; };
		452791D727567B0A00010654 /* AppCoordinator.swift in Sources */ = {isa = PBXBuildFile; fileRef = 452791D627567B0A00010654 /* AppCoordinator.swift */; };
		452791DA27567ECA00010654 /* EventListCoordinator.swift in Sources */ = {isa = PBXBuildFile; fileRef = 452791D927567ECA00010654 /* EventListCoordinator.swift */; };
		452791DC27567F6300010654 /* EventListViewController.swift in Sources */ = {isa = PBXBuildFile; fileRef = 452791DB27567F6300010654 /* EventListViewController.swift */; };
		452791E22756861300010654 /* UIColor+Extensions.swift in Sources */ = {isa = PBXBuildFile; fileRef = 452791E12756861300010654 /* UIColor+Extensions.swift */; };
		45495C9A27CAB8A000370F9D /* TitleSubtitleCell.swift in Sources */ = {isa = PBXBuildFile; fileRef = 45495C9927CAB8A000370F9D /* TitleSubtitleCell.swift */; };
		45495C9C27CAB8D700370F9D /* TitleSubtitleCellViewModel.swift in Sources */ = {isa = PBXBuildFile; fileRef = 45495C9B27CAB8D700370F9D /* TitleSubtitleCellViewModel.swift */; };
		454DD29827C81DDE00F8D4C6 /* UIViewController+Extensions.swift in Sources */ = {isa = PBXBuildFile; fileRef = 454DD29727C81DDE00F8D4C6 /* UIViewController+Extensions.swift */; };
		456B861227C6D25C0068104A /* AddEventCoordinator.swift in Sources */ = {isa = PBXBuildFile; fileRef = 456B861127C6D25C0068104A /* AddEventCoordinator.swift */; };
		456CAB142756A81500620C36 /* EventsApp.xcdatamodeld in Sources */ = {isa = PBXBuildFile; fileRef = 456CAB122756A81500620C36 /* EventsApp.xcdatamodeld */; };
		456CAB162756A93700620C36 /* CoreDataManager.swift in Sources */ = {isa = PBXBuildFile; fileRef = 456CAB152756A93700620C36 /* CoreDataManager.swift */; };
		459E631B27573EBA0069C72A /* EventListViewModel.swift in Sources */ = {isa = PBXBuildFile; fileRef = 459E631A27573EBA0069C72A /* EventListViewModel.swift */; };
		45B9A29A27C891D600D6972B /* AddEventViewModel.swift in Sources */ = {isa = PBXBuildFile; fileRef = 45B9A29927C891D600D6972B /* AddEventViewModel.swift */; };
		45DD93C127C7564B00DA78D4 /* AddEventViewController.swift in Sources */ = {isa = PBXBuildFile; fileRef = 45DD93C027C7564B00DA78D4 /* AddEventViewController.swift */; };
/* End PBXBuildFile section */

/* Begin PBXFileReference section */
		452791BF27567AC100010654 /* EventsApp.app */ = {isa = PBXFileReference; explicitFileType = wrapper.application; includeInIndex = 0; path = EventsApp.app; sourceTree = BUILT_PRODUCTS_DIR; };
		452791C227567AC100010654 /* AppDelegate.swift */ = {isa = PBXFileReference; lastKnownFileType = sourcecode.swift; path = AppDelegate.swift; sourceTree = "<group>"; };
		452791C427567AC100010654 /* SceneDelegate.swift */ = {isa = PBXFileReference; lastKnownFileType = sourcecode.swift; path = SceneDelegate.swift; sourceTree = "<group>"; };
		452791C927567AC100010654 /* Base */ = {isa = PBXFileReference; lastKnownFileType = file.storyboard; name = Base; path = Base.lproj/Main.storyboard; sourceTree = "<group>"; };
		452791CB27567AC200010654 /* Assets.xcassets */ = {isa = PBXFileReference; lastKnownFileType = folder.assetcatalog; path = Assets.xcassets; sourceTree = "<group>"; };
		452791CE27567AC200010654 /* Base */ = {isa = PBXFileReference; lastKnownFileType = file.storyboard; name = Base; path = Base.lproj/LaunchScreen.storyboard; sourceTree = "<group>"; };
		452791D027567AC200010654 /* Info.plist */ = {isa = PBXFileReference; lastKnownFileType = text.plist.xml; path = Info.plist; sourceTree = "<group>"; };
		452791D627567B0A00010654 /* AppCoordinator.swift */ = {isa = PBXFileReference; lastKnownFileType = sourcecode.swift; path = AppCoordinator.swift; sourceTree = "<group>"; };
		452791D927567ECA00010654 /* EventListCoordinator.swift */ = {isa = PBXFileReference; lastKnownFileType = sourcecode.swift; path = EventListCoordinator.swift; sourceTree = "<group>"; };
		452791DB27567F6300010654 /* EventListViewController.swift */ = {isa = PBXFileReference; lastKnownFileType = sourcecode.swift; path = EventListViewController.swift; sourceTree = "<group>"; };
		452791E12756861300010654 /* UIColor+Extensions.swift */ = {isa = PBXFileReference; lastKnownFileType = sourcecode.swift; path = "UIColor+Extensions.swift"; sourceTree = "<group>"; };
		45495C9927CAB8A000370F9D /* TitleSubtitleCell.swift */ = {isa = PBXFileReference; lastKnownFileType = sourcecode.swift; path = TitleSubtitleCell.swift; sourceTree = "<group>"; };
		45495C9B27CAB8D700370F9D /* TitleSubtitleCellViewModel.swift */ = {isa = PBXFileReference; lastKnownFileType = sourcecode.swift; path = TitleSubtitleCellViewModel.swift; sourceTree = "<group>"; };
		454DD29727C81DDE00F8D4C6 /* UIViewController+Extensions.swift */ = {isa = PBXFileReference; lastKnownFileType = sourcecode.swift; path = "UIViewController+Extensions.swift"; sourceTree = "<group>"; };
		456B861127C6D25C0068104A /* AddEventCoordinator.swift */ = {isa = PBXFileReference; lastKnownFileType = sourcecode.swift; path = AddEventCoordinator.swift; sourceTree = "<group>"; };
		456CAB132756A81500620C36 /* EventsApp.xcdatamodel */ = {isa = PBXFileReference; lastKnownFileType = wrapper.xcdatamodel; path = EventsApp.xcdatamodel; sourceTree = "<group>"; };
		456CAB152756A93700620C36 /* CoreDataManager.swift */ = {isa = PBXFileReference; lastKnownFileType = sourcecode.swift; path = CoreDataManager.swift; sourceTree = "<group>"; };
		459E631A27573EBA0069C72A /* EventListViewModel.swift */ = {isa = PBXFileReference; lastKnownFileType = sourcecode.swift; path = EventListViewModel.swift; sourceTree = "<group>"; };
		45B9A29927C891D600D6972B /* AddEventViewModel.swift */ = {isa = PBXFileReference; lastKnownFileType = sourcecode.swift; path = AddEventViewModel.swift; sourceTree = "<group>"; };
		45DD93C027C7564B00DA78D4 /* AddEventViewController.swift */ = {isa = PBXFileReference; lastKnownFileType = sourcecode.swift; path = AddEventViewController.swift; sourceTree = "<group>"; };
/* End PBXFileReference section */

/* Begin PBXFrameworksBuildPhase section */
		452791BC27567AC100010654 /* Frameworks */ = {
			isa = PBXFrameworksBuildPhase;
			buildActionMask = 2147483647;
			files = (
			);
			runOnlyForDeploymentPostprocessing = 0;
		};
/* End PBXFrameworksBuildPhase section */

/* Begin PBXGroup section */
		452791B627567AC100010654 = {
			isa = PBXGroup;
			children = (
				452791C127567AC100010654 /* EventsApp */,
				452791C027567AC100010654 /* Products */,
			);
			sourceTree = "<group>";
		};
		452791C027567AC100010654 /* Products */ = {
			isa = PBXGroup;
			children = (
				452791BF27567AC100010654 /* EventsApp.app */,
			);
			name = Products;
			sourceTree = "<group>";
		};
		452791C127567AC100010654 /* EventsApp */ = {
			isa = PBXGroup;
			children = (
				456B861027C6C8940068104A /* App */,
				452791D827567EB100010654 /* Coordinators */,
				452791DD27567F6700010654 /* Controllers */,
				452791DE275684D700010654 /* Views */,
				459E631927573EA90069C72A /* ViewModels */,
				456CAB112756A7E000620C36 /* Managers */,
				452791E0275685E900010654 /* Extensions */,
				452791DF275684EB00010654 /* Resources */,
			);
			path = EventsApp;
			sourceTree = "<group>";
		};
		452791D827567EB100010654 /* Coordinators */ = {
			isa = PBXGroup;
			children = (
				452791D627567B0A00010654 /* AppCoordinator.swift */,
				452791D927567ECA00010654 /* EventListCoordinator.swift */,
				456B861127C6D25C0068104A /* AddEventCoordinator.swift */,
			);
			path = Coordinators;
			sourceTree = "<group>";
		};
		452791DD27567F6700010654 /* Controllers */ = {
			isa = PBXGroup;
			children = (
				452791DB27567F6300010654 /* EventListViewController.swift */,
				45DD93C027C7564B00DA78D4 /* AddEventViewController.swift */,
			);
			path = Controllers;
			sourceTree = "<group>";
		};
		452791DE275684D700010654 /* Views */ = {
			isa = PBXGroup;
			children = (
				45495C9927CAB8A000370F9D /* TitleSubtitleCell.swift */,
				45495C9827CAB88F00370F9D /* Storyboard */,
			);
			path = Views;
			sourceTree = "<group>";
		};
		452791DF275684EB00010654 /* Resources */ = {
			isa = PBXGroup;
			children = (
				452791CB27567AC200010654 /* Assets.xcassets */,
				456CAB122756A81500620C36 /* EventsApp.xcdatamodeld */,
				452791D027567AC200010654 /* Info.plist */,
			);
			path = Resources;
			sourceTree = "<group>";
		};
		452791E0275685E900010654 /* Extensions */ = {
			isa = PBXGroup;
			children = (
				452791E12756861300010654 /* UIColor+Extensions.swift */,
				454DD29727C81DDE00F8D4C6 /* UIViewController+Extensions.swift */,
			);
			path = Extensions;
			sourceTree = "<group>";
		};
		45495C9827CAB88F00370F9D /* Storyboard */ = {
			isa = PBXGroup;
			children = (
				452791CD27567AC200010654 /* LaunchScreen.storyboard */,
				452791C827567AC100010654 /* Main.storyboard */,
			);
			path = Storyboard;
			sourceTree = "<group>";
		};
		456B861027C6C8940068104A /* App */ = {
			isa = PBXGroup;
			children = (
				452791C227567AC100010654 /* AppDelegate.swift */,
				452791C427567AC100010654 /* SceneDelegate.swift */,
			);
			path = App;
			sourceTree = "<group>";
		};
		456CAB112756A7E000620C36 /* Managers */ = {
			isa = PBXGroup;
			children = (
				456CAB152756A93700620C36 /* CoreDataManager.swift */,
			);
			path = Managers;
			sourceTree = "<group>";
		};
		459E631927573EA90069C72A /* ViewModels */ = {
			isa = PBXGroup;
			children = (
				459E631A27573EBA0069C72A /* EventListViewModel.swift */,
				45B9A29927C891D600D6972B /* AddEventViewModel.swift */,
				45495C9B27CAB8D700370F9D /* TitleSubtitleCellViewModel.swift */,
			);
			path = ViewModels;
			sourceTree = "<group>";
		};
/* End PBXGroup section */

/* Begin PBXNativeTarget section */
		452791BE27567AC100010654 /* EventsApp */ = {
			isa = PBXNativeTarget;
			buildConfigurationList = 452791D327567AC200010654 /* Build configuration list for PBXNativeTarget "EventsApp" */;
			buildPhases = (
				452791BB27567AC100010654 /* Sources */,
				452791BC27567AC100010654 /* Frameworks */,
				452791BD27567AC100010654 /* Resources */,
			);
			buildRules = (
			);
			dependencies = (
			);
			name = EventsApp;
			productName = EventsApp;
			productReference = 452791BF27567AC100010654 /* EventsApp.app */;
			productType = "com.apple.product-type.application";
		};
/* End PBXNativeTarget section */

/* Begin PBXProject section */
		452791B727567AC100010654 /* Project object */ = {
			isa = PBXProject;
			attributes = {
				BuildIndependentTargetsInParallel = 1;
				LastSwiftUpdateCheck = 1300;
				LastUpgradeCheck = 1300;
				TargetAttributes = {
					452791BE27567AC100010654 = {
						CreatedOnToolsVersion = 13.0;
					};
				};
			};
			buildConfigurationList = 452791BA27567AC100010654 /* Build configuration list for PBXProject "EventsApp" */;
			compatibilityVersion = "Xcode 13.0";
			developmentRegion = en;
			hasScannedForEncodings = 0;
			knownRegions = (
				en,
				Base,
			);
			mainGroup = 452791B627567AC100010654;
			productRefGroup = 452791C027567AC100010654 /* Products */;
			projectDirPath = "";
			projectRoot = "";
			targets = (
				452791BE27567AC100010654 /* EventsApp */,
			);
		};
/* End PBXProject section */

/* Begin PBXResourcesBuildPhase section */
		452791BD27567AC100010654 /* Resources */ = {
			isa = PBXResourcesBuildPhase;
			buildActionMask = 2147483647;
			files = (
				452791CF27567AC200010654 /* LaunchScreen.storyboard in Resources */,
				452791CC27567AC200010654 /* Assets.xcassets in Resources */,
				452791CA27567AC100010654 /* Main.storyboard in Resources */,
			);
			runOnlyForDeploymentPostprocessing = 0;
		};
/* End PBXResourcesBuildPhase section */

/* Begin PBXSourcesBuildPhase section */
		452791BB27567AC100010654 /* Sources */ = {
			isa = PBXSourcesBuildPhase;
			buildActionMask = 2147483647;
			files = (
				45495C9A27CAB8A000370F9D /* TitleSubtitleCell.swift in Sources */,
				452791D727567B0A00010654 /* AppCoordinator.swift in Sources */,
				452791E22756861300010654 /* UIColor+Extensions.swift in Sources */,
				452791DC27567F6300010654 /* EventListViewController.swift in Sources */,
				45B9A29A27C891D600D6972B /* AddEventViewModel.swift in Sources */,
				452791C327567AC100010654 /* AppDelegate.swift in Sources */,
				454DD29827C81DDE00F8D4C6 /* UIViewController+Extensions.swift in Sources */,
				452791C527567AC100010654 /* SceneDelegate.swift in Sources */,
				456B861227C6D25C0068104A /* AddEventCoordinator.swift in Sources */,
				45495C9C27CAB8D700370F9D /* TitleSubtitleCellViewModel.swift in Sources */,
				452791DA27567ECA00010654 /* EventListCoordinator.swift in Sources */,
				45DD93C127C7564B00DA78D4 /* AddEventViewController.swift in Sources */,
				459E631B27573EBA0069C72A /* EventListViewModel.swift in Sources */,
				456CAB162756A93700620C36 /* CoreDataManager.swift in Sources */,
				456CAB142756A81500620C36 /* EventsApp.xcdatamodeld in Sources */,
			);
			runOnlyForDeploymentPostprocessing = 0;
		};
/* End PBXSourcesBuildPhase section */

/* Begin PBXVariantGroup section */
		452791C827567AC100010654 /* Main.storyboard */ = {
			isa = PBXVariantGroup;
			children = (
				452791C927567AC100010654 /* Base */,
			);
			name = Main.storyboard;
			sourceTree = "<group>";
		};
		452791CD27567AC200010654 /* LaunchScreen.storyboard */ = {
			isa = PBXVariantGroup;
			children = (
				452791CE27567AC200010654 /* Base */,
			);
			name = LaunchScreen.storyboard;
			sourceTree = "<group>";
		};
/* End PBXVariantGroup section */

/* Begin XCBuildConfiguration section */
		452791D127567AC200010654 /* Debug */ = {
			isa = XCBuildConfiguration;
			buildSettings = {
				ALWAYS_SEARCH_USER_PATHS = NO;
				CLANG_ANALYZER_NONNULL = YES;
				CLANG_ANALYZER_NUMBER_OBJECT_CONVERSION = YES_AGGRESSIVE;
				CLANG_CXX_LANGUAGE_STANDARD = "gnu++17";
				CLANG_CXX_LIBRARY = "libc++";
				CLANG_ENABLE_MODULES = YES;
				CLANG_ENABLE_OBJC_ARC = YES;
				CLANG_ENABLE_OBJC_WEAK = YES;
				CLANG_WARN_BLOCK_CAPTURE_AUTORELEASING = YES;
				CLANG_WARN_BOOL_CONVERSION = YES;
				CLANG_WARN_COMMA = YES;
				CLANG_WARN_CONSTANT_CONVERSION = YES;
				CLANG_WARN_DEPRECATED_OBJC_IMPLEMENTATIONS = YES;
				CLANG_WARN_DIRECT_OBJC_ISA_USAGE = YES_ERROR;
				CLANG_WARN_DOCUMENTATION_COMMENTS = YES;
				CLANG_WARN_EMPTY_BODY = YES;
				CLANG_WARN_ENUM_CONVERSION = YES;
				CLANG_WARN_INFINITE_RECURSION = YES;
				CLANG_WARN_INT_CONVERSION = YES;
				CLANG_WARN_NON_LITERAL_NULL_CONVERSION = YES;
				CLANG_WARN_OBJC_IMPLICIT_RETAIN_SELF = YES;
				CLANG_WARN_OBJC_LITERAL_CONVERSION = YES;
				CLANG_WARN_OBJC_ROOT_CLASS = YES_ERROR;
				CLANG_WARN_QUOTED_INCLUDE_IN_FRAMEWORK_HEADER = YES;
				CLANG_WARN_RANGE_LOOP_ANALYSIS = YES;
				CLANG_WARN_STRICT_PROTOTYPES = YES;
				CLANG_WARN_SUSPICIOUS_MOVE = YES;
				CLANG_WARN_UNGUARDED_AVAILABILITY = YES_AGGRESSIVE;
				CLANG_WARN_UNREACHABLE_CODE = YES;
				CLANG_WARN__DUPLICATE_METHOD_MATCH = YES;
				COPY_PHASE_STRIP = NO;
				DEBUG_INFORMATION_FORMAT = dwarf;
				ENABLE_STRICT_OBJC_MSGSEND = YES;
				ENABLE_TESTABILITY = YES;
				GCC_C_LANGUAGE_STANDARD = gnu11;
				GCC_DYNAMIC_NO_PIC = NO;
				GCC_NO_COMMON_BLOCKS = YES;
				GCC_OPTIMIZATION_LEVEL = 0;
				GCC_PREPROCESSOR_DEFINITIONS = (
					"DEBUG=1",
					"$(inherited)",
				);
				GCC_WARN_64_TO_32_BIT_CONVERSION = YES;
				GCC_WARN_ABOUT_RETURN_TYPE = YES_ERROR;
				GCC_WARN_UNDECLARED_SELECTOR = YES;
				GCC_WARN_UNINITIALIZED_AUTOS = YES_AGGRESSIVE;
				GCC_WARN_UNUSED_FUNCTION = YES;
				GCC_WARN_UNUSED_VARIABLE = YES;
				IPHONEOS_DEPLOYMENT_TARGET = 13.0;
				MTL_ENABLE_DEBUG_INFO = INCLUDE_SOURCE;
				MTL_FAST_MATH = YES;
				ONLY_ACTIVE_ARCH = YES;
				SDKROOT = iphoneos;
				SWIFT_ACTIVE_COMPILATION_CONDITIONS = DEBUG;
				SWIFT_OPTIMIZATION_LEVEL = "-Onone";
			};
			name = Debug;
		};
		452791D227567AC200010654 /* Release */ = {
			isa = XCBuildConfiguration;
			buildSettings = {
				ALWAYS_SEARCH_USER_PATHS = NO;
				CLANG_ANALYZER_NONNULL = YES;
				CLANG_ANALYZER_NUMBER_OBJECT_CONVERSION = YES_AGGRESSIVE;
				CLANG_CXX_LANGUAGE_STANDARD = "gnu++17";
				CLANG_CXX_LIBRARY = "libc++";
				CLANG_ENABLE_MODULES = YES;
				CLANG_ENABLE_OBJC_ARC = YES;
				CLANG_ENABLE_OBJC_WEAK = YES;
				CLANG_WARN_BLOCK_CAPTURE_AUTORELEASING = YES;
				CLANG_WARN_BOOL_CONVERSION = YES;
				CLANG_WARN_COMMA = YES;
				CLANG_WARN_CONSTANT_CONVERSION = YES;
				CLANG_WARN_DEPRECATED_OBJC_IMPLEMENTATIONS = YES;
				CLANG_WARN_DIRECT_OBJC_ISA_USAGE = YES_ERROR;
				CLANG_WARN_DOCUMENTATION_COMMENTS = YES;
				CLANG_WARN_EMPTY_BODY = YES;
				CLANG_WARN_ENUM_CONVERSION = YES;
				CLANG_WARN_INFINITE_RECURSION = YES;
				CLANG_WARN_INT_CONVERSION = YES;
				CLANG_WARN_NON_LITERAL_NULL_CONVERSION = YES;
				CLANG_WARN_OBJC_IMPLICIT_RETAIN_SELF = YES;
				CLANG_WARN_OBJC_LITERAL_CONVERSION = YES;
				CLANG_WARN_OBJC_ROOT_CLASS = YES_ERROR;
				CLANG_WARN_QUOTED_INCLUDE_IN_FRAMEWORK_HEADER = YES;
				CLANG_WARN_RANGE_LOOP_ANALYSIS = YES;
				CLANG_WARN_STRICT_PROTOTYPES = YES;
				CLANG_WARN_SUSPICIOUS_MOVE = YES;
				CLANG_WARN_UNGUARDED_AVAILABILITY = YES_AGGRESSIVE;
				CLANG_WARN_UNREACHABLE_CODE = YES;
				CLANG_WARN__DUPLICATE_METHOD_MATCH = YES;
				COPY_PHASE_STRIP = NO;
				DEBUG_INFORMATION_FORMAT = "dwarf-with-dsym";
				ENABLE_NS_ASSERTIONS = NO;
				ENABLE_STRICT_OBJC_MSGSEND = YES;
				GCC_C_LANGUAGE_STANDARD = gnu11;
				GCC_NO_COMMON_BLOCKS = YES;
				GCC_WARN_64_TO_32_BIT_CONVERSION = YES;
				GCC_WARN_ABOUT_RETURN_TYPE = YES_ERROR;
				GCC_WARN_UNDECLARED_SELECTOR = YES;
				GCC_WARN_UNINITIALIZED_AUTOS = YES_AGGRESSIVE;
				GCC_WARN_UNUSED_FUNCTION = YES;
				GCC_WARN_UNUSED_VARIABLE = YES;
				IPHONEOS_DEPLOYMENT_TARGET = 13.0;
				MTL_ENABLE_DEBUG_INFO = NO;
				MTL_FAST_MATH = YES;
				SDKROOT = iphoneos;
				SWIFT_COMPILATION_MODE = wholemodule;
				SWIFT_OPTIMIZATION_LEVEL = "-O";
				VALIDATE_PRODUCT = YES;
			};
			name = Release;
		};
		452791D427567AC200010654 /* Debug */ = {
			isa = XCBuildConfiguration;
			buildSettings = {
				ASSETCATALOG_COMPILER_APPICON_NAME = AppIcon;
				ASSETCATALOG_COMPILER_GLOBAL_ACCENT_COLOR_NAME = AccentColor;
				CODE_SIGN_STYLE = Automatic;
				CURRENT_PROJECT_VERSION = 1;
				DEVELOPMENT_TEAM = 88GGD7677D;
				GENERATE_INFOPLIST_FILE = YES;
				INFOPLIST_FILE = EventsApp/Resources/Info.plist;
				INFOPLIST_KEY_UIApplicationSupportsIndirectInputEvents = YES;
				INFOPLIST_KEY_UILaunchStoryboardName = LaunchScreen;
				INFOPLIST_KEY_UIMainStoryboardFile = Main;
				INFOPLIST_KEY_UISupportedInterfaceOrientations = UIInterfaceOrientationPortrait;
				INFOPLIST_KEY_UISupportedInterfaceOrientations_iPad = "UIInterfaceOrientationPortrait UIInterfaceOrientationPortraitUpsideDown UIInterfaceOrientationLandscapeLeft UIInterfaceOrientationLandscapeRight";
				INFOPLIST_KEY_UISupportedInterfaceOrientations_iPhone = "UIInterfaceOrientationPortrait UIInterfaceOrientationLandscapeLeft UIInterfaceOrientationLandscapeRight";
				IPHONEOS_DEPLOYMENT_TARGET = 13.0;
				LD_RUNPATH_SEARCH_PATHS = (
					"$(inherited)",
					"@executable_path/Frameworks",
				);
				MARKETING_VERSION = 1.0;
				PRODUCT_BUNDLE_IDENTIFIER = com.borisbolsh.EventsApp;
				PRODUCT_NAME = "$(TARGET_NAME)";
				SWIFT_EMIT_LOC_STRINGS = YES;
				SWIFT_VERSION = 5.0;
				TARGETED_DEVICE_FAMILY = 1;
			};
			name = Debug;
		};
		452791D527567AC200010654 /* Release */ = {
			isa = XCBuildConfiguration;
			buildSettings = {
				ASSETCATALOG_COMPILER_APPICON_NAME = AppIcon;
				ASSETCATALOG_COMPILER_GLOBAL_ACCENT_COLOR_NAME = AccentColor;
				CODE_SIGN_STYLE = Automatic;
				CURRENT_PROJECT_VERSION = 1;
				DEVELOPMENT_TEAM = 88GGD7677D;
				GENERATE_INFOPLIST_FILE = YES;
				INFOPLIST_FILE = EventsApp/Resources/Info.plist;
				INFOPLIST_KEY_UIApplicationSupportsIndirectInputEvents = YES;
				INFOPLIST_KEY_UILaunchStoryboardName = LaunchScreen;
				INFOPLIST_KEY_UIMainStoryboardFile = Main;
				INFOPLIST_KEY_UISupportedInterfaceOrientations = UIInterfaceOrientationPortrait;
				INFOPLIST_KEY_UISupportedInterfaceOrientations_iPad = "UIInterfaceOrientationPortrait UIInterfaceOrientationPortraitUpsideDown UIInterfaceOrientationLandscapeLeft UIInterfaceOrientationLandscapeRight";
				INFOPLIST_KEY_UISupportedInterfaceOrientations_iPhone = "UIInterfaceOrientationPortrait UIInterfaceOrientationLandscapeLeft UIInterfaceOrientationLandscapeRight";
				IPHONEOS_DEPLOYMENT_TARGET = 13.0;
				LD_RUNPATH_SEARCH_PATHS = (
					"$(inherited)",
					"@executable_path/Frameworks",
				);
				MARKETING_VERSION = 1.0;
				PRODUCT_BUNDLE_IDENTIFIER = com.borisbolsh.EventsApp;
				PRODUCT_NAME = "$(TARGET_NAME)";
				SWIFT_EMIT_LOC_STRINGS = YES;
				SWIFT_VERSION = 5.0;
				TARGETED_DEVICE_FAMILY = 1;
			};
			name = Release;
		};
/* End XCBuildConfiguration section */

/* Begin XCConfigurationList section */
		452791BA27567AC100010654 /* Build configuration list for PBXProject "EventsApp" */ = {
			isa = XCConfigurationList;
			buildConfigurations = (
				452791D127567AC200010654 /* Debug */,
				452791D227567AC200010654 /* Release */,
			);
			defaultConfigurationIsVisible = 0;
			defaultConfigurationName = Release;
		};
		452791D327567AC200010654 /* Build configuration list for PBXNativeTarget "EventsApp" */ = {
			isa = XCConfigurationList;
			buildConfigurations = (
				452791D427567AC200010654 /* Debug */,
				452791D527567AC200010654 /* Release */,
			);
			defaultConfigurationIsVisible = 0;
			defaultConfigurationName = Release;
		};
/* End XCConfigurationList section */

/* Begin XCVersionGroup section */
		456CAB122756A81500620C36 /* EventsApp.xcdatamodeld */ = {
			isa = XCVersionGroup;
			children = (
				456CAB132756A81500620C36 /* EventsApp.xcdatamodel */,
			);
			currentVersion = 456CAB132756A81500620C36 /* EventsApp.xcdatamodel */;
			path = EventsApp.xcdatamodeld;
			sourceTree = "<group>";
			versionGroupType = wrapper.xcdatamodel;
		};
/* End XCVersionGroup section */
	};
	rootObject = 452791B727567AC100010654 /* Project object */;
}
